{
  "projects": [
    {
      "projectId": "rvL4Z2jyAqe3umzZYo5sfv",
      "version": "latest",
      "dependencies": {},
      "lang": "js",
      "fileLocks": [
        {
          "type": "globalVariant",
          "assetId": "_KXZ2ScVpJRX",
          "checksum": "c4cf84a8709b8552c206e714107beb06"
        },
        {
          "type": "renderModule",
          "assetId": "LvNYNoGEgNma",
          "checksum": "fd37dfc44068a4a811fa72438e8d26ee"
        },
        {
          "type": "cssRules",
          "assetId": "LvNYNoGEgNma",
          "checksum": "fd37dfc44068a4a811fa72438e8d26ee"
        },
        {
          "type": "renderModule",
          "assetId": "98uZdJHb8ovP",
          "checksum": "4f675c426373f8d25e02acaeb7c9e797"
        },
        {
          "type": "cssRules",
          "assetId": "98uZdJHb8ovP",
          "checksum": "4f675c426373f8d25e02acaeb7c9e797"
        },
        {
          "type": "renderModule",
          "assetId": "CUCpwfWcus3T",
          "checksum": "d93f827c903e633c0d7051d9252e930b"
        },
        {
          "type": "cssRules",
          "assetId": "CUCpwfWcus3T",
          "checksum": "d93f827c903e633c0d7051d9252e930b"
        },
        {
          "type": "renderModule",
          "assetId": "DdGhFwBcvqnZ",
          "checksum": "ac03d3c0dcf42d2a4c54a5aa85848a70"
        },
        {
          "type": "cssRules",
          "assetId": "DdGhFwBcvqnZ",
          "checksum": "ac03d3c0dcf42d2a4c54a5aa85848a70"
        },
        {
          "type": "renderModule",
          "assetId": "d1s2yXRyawJW",
          "checksum": "04facbd7b03aa563021062efb7ba103e"
        },
        {
          "type": "cssRules",
          "assetId": "d1s2yXRyawJW",
          "checksum": "04facbd7b03aa563021062efb7ba103e"
        },
        {
          "type": "renderModule",
          "assetId": "-zE89ucLXzyA",
          "checksum": "13c8816cb0948d2426006505ffec4f2a"
        },
        {
          "type": "cssRules",
          "assetId": "-zE89ucLXzyA",
          "checksum": "13c8816cb0948d2426006505ffec4f2a"
        },
        {
          "type": "renderModule",
          "assetId": "jZZPF5im_0Lf",
          "checksum": "493d47a770fcda8b1bd139ae61ed94e8"
        },
        {
          "type": "cssRules",
          "assetId": "jZZPF5im_0Lf",
          "checksum": "493d47a770fcda8b1bd139ae61ed94e8"
        },
        {
          "type": "renderModule",
          "assetId": "jr7ZL1lPW1Rq",
          "checksum": "729f2600ff505ad3e1935835c7a3fb48"
        },
        {
          "type": "cssRules",
          "assetId": "jr7ZL1lPW1Rq",
          "checksum": "729f2600ff505ad3e1935835c7a3fb48"
        },
        {
          "type": "renderModule",
          "assetId": "QMRL2OPgGfRX",
          "checksum": "b629da16ffbe671f20d9b03b1e9a6710"
        },
        {
          "type": "cssRules",
          "assetId": "QMRL2OPgGfRX",
          "checksum": "b629da16ffbe671f20d9b03b1e9a6710"
        },
        {
          "type": "renderModule",
          "assetId": "-RlO4TDOtAWF",
          "checksum": "47c03f7668e6aafc70e4debe9ee78052"
        },
        {
          "type": "cssRules",
          "assetId": "-RlO4TDOtAWF",
          "checksum": "47c03f7668e6aafc70e4debe9ee78052"
        },
        {
          "type": "renderModule",
          "assetId": "qjR6ivWTouhM",
          "checksum": "d266d5d8acdf0e53488c8bf6e575f808"
        },
        {
          "type": "cssRules",
          "assetId": "qjR6ivWTouhM",
          "checksum": "d266d5d8acdf0e53488c8bf6e575f808"
        },
        {
          "type": "renderModule",
          "assetId": "UGUqJdIfGpP3",
          "checksum": "15c3e8f71c4edea092b11751870a4425"
        },
        {
          "type": "cssRules",
          "assetId": "UGUqJdIfGpP3",
          "checksum": "15c3e8f71c4edea092b11751870a4425"
        },
        {
          "type": "renderModule",
          "assetId": "2eyTYjcUhLYG",
          "checksum": "7dbfa7d200f5943537a9f54b7844cb9d"
        },
        {
          "type": "cssRules",
          "assetId": "2eyTYjcUhLYG",
          "checksum": "7dbfa7d200f5943537a9f54b7844cb9d"
        },
        {
          "type": "renderModule",
          "assetId": "yvGxdpW5fqaU",
          "checksum": "41af754dad24fbdda7199bc06dc1b501"
        },
        {
          "type": "cssRules",
          "assetId": "yvGxdpW5fqaU",
          "checksum": "41af754dad24fbdda7199bc06dc1b501"
        },
        {
          "type": "renderModule",
          "assetId": "5PzJ3BEZk7",
          "checksum": "c9aa2819441d2d2cf2f730c602032be0"
        },
        {
          "type": "cssRules",
          "assetId": "5PzJ3BEZk7",
          "checksum": "c9aa2819441d2d2cf2f730c602032be0"
        },
        {
          "type": "renderModule",
          "assetId": "UDoNitmZ9tjB",
          "checksum": "17525e370b480b907bebb7318803dab5"
        },
        {
          "type": "cssRules",
          "assetId": "UDoNitmZ9tjB",
          "checksum": "17525e370b480b907bebb7318803dab5"
        },
        {
          "type": "renderModule",
          "assetId": "Yn2CNkzAyrNw",
          "checksum": "8a1631b5f590f5974e1da054245af2a4"
        },
        {
          "type": "cssRules",
          "assetId": "Yn2CNkzAyrNw",
          "checksum": "8a1631b5f590f5974e1da054245af2a4"
        },
        {
          "type": "image",
          "assetId": "W8DkLL_59Bur",
          "checksum": "15e2e2b82b717c6acc49043f81690c4c"
        },
        {
          "type": "image",
          "assetId": "MqGNQANggSol",
          "checksum": "eca73c7aba253d8507fcff1e01550066"
        },
        {
          "type": "image",
          "assetId": "zRAmTBQrIVnD",
          "checksum": "28dd1075fbcec24c89f026436d0ba2f5"
        },
        {
          "type": "image",
          "assetId": "cZsQJe8IrMDz",
          "checksum": "c31c3f7ee89508191430dad9945efd10"
        },
        {
          "type": "image",
          "assetId": "F78E8Frkv",
          "checksum": "a4071c67349adc45ade1946e6a88e81b"
        },
        {
          "type": "image",
          "assetId": "jLAJL4cOL",
          "checksum": "45064b483700526e885309b33e64e6bc"
        },
        {
          "type": "image",
          "assetId": "VCPuvnijO",
          "checksum": "6f3481c61b45756d6a56c2bd5ed01dd5"
        },
        {
          "type": "image",
          "assetId": "SKns7UodP",
          "checksum": "fb2f47a3755f45acef6375fb8a7246fb"
        },
        {
          "type": "image",
          "assetId": "PEs6zrtzc",
          "checksum": "3ddf73d27d6ae6f73736ad2de03b927c"
        },
        {
          "type": "image",
          "assetId": "2UMZn4Zf8",
          "checksum": "b100caf6aa4edde157e210f41fdd3760"
        },
        {
          "type": "image",
          "assetId": "mlsxZtMLt",
          "checksum": "7add3a8e5f8e3b31352dade13f27e1aa"
        },
        {
          "type": "image",
          "assetId": "iVddr05g2",
          "checksum": "d7f2ebbd340e08e3b07726011fd1ca40"
        },
        {
          "assetId": "rvL4Z2jyAqe3umzZYo5sfv",
          "type": "projectCss",
          "checksum": "fb6d112dbbfb58897345e99b35d44a45"
        },
        {
          "type": "icon",
          "assetId": "CKjW5Umf2yTn",
          "checksum": "01101f05393958e67143674cc8bc7a23"
        },
        {
          "type": "icon",
          "assetId": "AXvh3mGLfpi5",
          "checksum": "1ac76f454674277b741430c29a001eae"
        },
        {
          "type": "icon",
          "assetId": "-z8kpSSC31eU",
          "checksum": "a2658f993c3ed03361fc40739c1cdc9e"
        },
        {
          "type": "icon",
          "assetId": "jhfGv_-XMeYa",
          "checksum": "a359572b10d89dae64c1ea7749413fa4"
        },
        {
          "type": "icon",
          "assetId": "1rSudMLaBqpG",
          "checksum": "68ed437bc2783f12e894331aa6a7276a"
        },
        {
          "type": "icon",
          "assetId": "Qr3I-znJAelD",
          "checksum": "bea6ce65ebb0d6811333520b53e3f75c"
        },
        {
          "type": "icon",
          "assetId": "w6PUtPxvOmBC",
          "checksum": "2050f5968bf44dd33f510df23d776cb3"
        },
        {
          "type": "icon",
          "assetId": "ms5cUso4tBw4",
          "checksum": "204e0a207827aeb20a0237555a1debca"
        },
        {
          "type": "icon",
          "assetId": "_GkFdLIF2JL0",
          "checksum": "2e505cc55f8670474b554cb128ed7099"
        },
        {
          "type": "icon",
          "assetId": "vQk28bWD9h5W",
          "checksum": "08c401252ae201d68e790a2fbdc03c57"
        },
        {
          "type": "icon",
          "assetId": "zaqmQPo0t3_g",
          "checksum": "06c4585f4cb5ba9c86590c183bada64a"
        },
        {
          "type": "icon",
          "assetId": "aGIoWgjZR0Fv",
          "checksum": "01bbe369528290b7aa248013e4e33435"
        },
        {
          "type": "icon",
          "assetId": "dLk2hq3jlDUm",
          "checksum": "ce755355937ab2c691b29f2f7b44fde3"
        },
        {
          "type": "icon",
          "assetId": "kgAPB2VqoRW4",
          "checksum": "070ba6bd47093c41c3c036889a6cb28e"
        },
        {
          "type": "icon",
          "assetId": "GiCdvIrqgjJ6",
          "checksum": "3de54fc2142bdf1a8858b564a2a43430"
        },
        {
          "type": "icon",
          "assetId": "i6l-X0sUjBHY",
          "checksum": "a5ec61673b4f30f51dc7451ee7bb1a3a"
        },
        {
          "type": "icon",
          "assetId": "spMdG8tKXagl",
          "checksum": "691687331b6cdaac29d02fad13b848d1"
        },
        {
          "type": "icon",
          "assetId": "74rciOQ_-zxQ",
          "checksum": "daaf68fc207d93aafdc851b108d82bc3"
        },
        {
          "type": "icon",
          "assetId": "6T9rBdI12wEG",
          "checksum": "cfc8cf41c06e2d9760bba18373e70d86"
        },
        {
          "type": "icon",
          "assetId": "sD_a7Zz1NElJ",
          "checksum": "80c39e001b59654c9e363e981d276adb"
        },
        {
          "type": "icon",
          "assetId": "GtlGcf4PbO_T",
          "checksum": "c0621ac34eead7b74bb90ade985a75c0"
        },
        {
          "type": "icon",
          "assetId": "PIiokDHdfeaA",
          "checksum": "c70baedf4c357f38ee51dc89b156d078"
        },
        {
          "type": "icon",
          "assetId": "cWOeZfiEHBTf",
          "checksum": "6e85324ee38b450b3ddbe7bf3bc52fe4"
        },
        {
          "type": "icon",
          "assetId": "QUMk0cqmXwtU",
          "checksum": "87bda3a122cbca128c8463c402f74f29"
        },
        {
          "type": "icon",
          "assetId": "o9stdb3dUxoF",
          "checksum": "966f17067d786c4e1be2788a2da9a91c"
        },
        {
          "type": "icon",
          "assetId": "CqB5kk-mGApX",
          "checksum": "b33639bba61d06e27f4f25140be77edd"
        },
        {
          "type": "icon",
          "assetId": "U2eQ6RsLNYug",
          "checksum": "6d13491b465dd15e444cd797c2e8ddad"
        },
        {
          "type": "icon",
          "assetId": "irD0DWuLYo36",
          "checksum": "677f8f67ed9f0e47cfde45ed570f536c"
        },
        {
          "type": "icon",
          "assetId": "4mxDUdDlF0wz",
          "checksum": "135841ed28b8567eeb634f52564d85c6"
        },
        {
          "type": "icon",
          "assetId": "wk4HP9MKkgZl",
          "checksum": "f4a6d3381ee46c0b4676c7557c23dd5e"
        },
        {
          "type": "icon",
          "assetId": "tp9ksO-zKj7Q",
          "checksum": "7a1f749954aaad5ae7bd7ea117bfc9ed"
        },
        {
          "type": "icon",
          "assetId": "16weDBp5bIK5",
          "checksum": "eb72e1cd06f9722f64c917373d3adbea"
        },
        {
          "type": "icon",
          "assetId": "Y1DRopBN8hdL",
          "checksum": "f73d01e05d237056da805b05ab711ef4"
        },
        {
          "type": "icon",
          "assetId": "fPDAaeEz_Bz6",
          "checksum": "74e5240847f6374a00f1a378fe4181ff"
        }
      ]
    }
  ],
  "cliVersion": "0.1.158"
}
